
Microsoft Visual Studio Solution File, Format Version 12.00
# Visual Studio Version 16
VisualStudioVersion = 16.0.30309.148
MinimumVisualStudioVersion = 10.0.40219.1
Project("{9A19103F-16F7-4668-BE54-9A1E7A4F7556}") = "F99106_dotNetProject", "F99106_dotNetProject\F99106_dotNetProject.csproj", "{9AE4EEB4-96A9-4C45-843D-49FF3CCB757F}"
EndProject
Project("{9A19103F-16F7-4668-BE54-9A1E7A4F7556}") = "F99106_dotNet_Project_Game2", "F99106_dotNet_Project_Game2\F99106_dotNet_Project_Game2.csproj", "{E143DADE-73F0-4A8D-85D1-2C924CA29187}"
EndProject
Project("{FAE04EC0-301F-11D3-BF4B-00C04F79EFBC}") = "F99106_dotNet_Project_Game3", "F99106_dotNet_Project_Game3\F99106_dotNet_Project_Game3.csproj", "{AF700B61-5CD4-40EA-87E6-254F45E828B4}"
EndProject
Global
	GlobalSection(SolutionConfigurationPlatforms) = preSolution
		Debug|Any CPU = Debug|Any CPU
		Release|Any CPU = Release|Any CPU
	EndGlobalSection
	GlobalSection(ProjectConfigurationPlatforms) = postSolution
		{9AE4EEB4-96A9-4C45-843D-49FF3CCB757F}.Debug|Any CPU.ActiveCfg = Debug|Any CPU
		{9AE4EEB4-96A9-4C45-843D-49FF3CCB757F}.Debug|Any CPU.Build.0 = Debug|Any CPU
		{9AE4EEB4-96A9-4C45-843D-49FF3CCB757F}.Release|Any CPU.ActiveCfg = Release|Any CPU
		{9AE4EEB4-96A9-4C45-843D-49FF3CCB757F}.Release|Any CPU.Build.0 = Release|Any CPU
		{E143DADE-73F0-4A8D-85D1-2C924CA29187}.Debug|Any CPU.ActiveCfg = Debug|Any CPU
		{E143DADE-73F0-4A8D-85D1-2C924CA29187}.Debug|Any CPU.Build.0 = Debug|Any CPU
		{E143DADE-73F0-4A8D-85D1-2C924CA29187}.Release|Any CPU.ActiveCfg = Release|Any CPU
		{E143DADE-73F0-4A8D-85D1-2C924CA29187}.Release|Any CPU.Build.0 = Release|Any CPU
		{AF700B61-5CD4-40EA-87E6-254F45E828B4}.Debug|Any CPU.ActiveCfg = Debug|Any CPU
		{AF700B61-5CD4-40EA-87E6-254F45E828B4}.Debug|Any CPU.Build.0 = Debug|Any CPU
		{AF700B61-5CD4-40EA-87E6-254F45E828B4}.Release|Any CPU.ActiveCfg = Release|Any CPU
		{AF700B61-5CD4-40EA-87E6-254F45E828B4}.Release|Any CPU.Build.0 = Release|Any CPU
	EndGlobalSection
	GlobalSection(SolutionProperties) = preSolution
		HideSolutionNode = FALSE
	EndGlobalSection
	GlobalSection(ExtensibilityGlobals) = postSolution
		SolutionGuid = {68AD174D-5EA6-4112-8D36-111BA406B9DB}
	EndGlobalSection
EndGlobal
